
Microsoft Visual Studio Solution File, Format Version 12.00
# Visual Studio Version 16
VisualStudioVersion = 16.0.31424.327
MinimumVisualStudioVersion = 10.0.40219.1
Project("{2150E333-8FDC-42A3-9474-1A3956D46DE8}") = "src", "src", "{750E9776-C1F4-47C8-B977-0E17714C6605}"
EndProject
Project("{2150E333-8FDC-42A3-9474-1A3956D46DE8}") = "Invoicing", "Invoicing", "{5DE97158-5F7C-4B44-87C4-7F706C5231FE}"
EndProject
Project("{2150E333-8FDC-42A3-9474-1A3956D46DE8}") = "tests", "tests", "{020636AA-6263-4FB7-ABDC-9F5910E4FAA2}"
EndProject
Project("{FAE04EC0-301F-11D3-BF4B-00C04F79EFBC}") = "Invoicing.Domain.Tests", "src\Invoicing\Invoicing.Domain.Tests\Invoicing.Domain.Tests.csproj", "{7971BDEC-EAD1-4FB8-A4F5-B1F67E4F6355}"
EndProject
Project("{FAE04EC0-301F-11D3-BF4B-00C04F79EFBC}") = "Invoicing.Domain", "src\Invoicing\Invoicing.Domain\Invoicing.Domain.csproj", "{5310B2FE-E26D-414E-B656-1F74C5A70368}"
EndProject
Project("{9A19103F-16F7-4668-BE54-9A1E7A4F7556}") = "Invoicing.Infrastructure", "src\Invoicing\Invoicing.Infrastructure\Invoicing.Infrastructure.csproj", "{28B6F2FD-826D-4176-87C0-68C8E68245AB}"
EndProject
Global
	GlobalSection(SolutionConfigurationPlatforms) = preSolution
		Debug|Any CPU = Debug|Any CPU
		Release|Any CPU = Release|Any CPU
	EndGlobalSection
	GlobalSection(ProjectConfigurationPlatforms) = postSolution
		{7971BDEC-EAD1-4FB8-A4F5-B1F67E4F6355}.Debug|Any CPU.ActiveCfg = Debug|Any CPU
		{7971BDEC-EAD1-4FB8-A4F5-B1F67E4F6355}.Debug|Any CPU.Build.0 = Debug|Any CPU
		{7971BDEC-EAD1-4FB8-A4F5-B1F67E4F6355}.Release|Any CPU.ActiveCfg = Release|Any CPU
		{7971BDEC-EAD1-4FB8-A4F5-B1F67E4F6355}.Release|Any CPU.Build.0 = Release|Any CPU
		{5310B2FE-E26D-414E-B656-1F74C5A70368}.Debug|Any CPU.ActiveCfg = Debug|Any CPU
		{5310B2FE-E26D-414E-B656-1F74C5A70368}.Debug|Any CPU.Build.0 = Debug|Any CPU
		{5310B2FE-E26D-414E-B656-1F74C5A70368}.Release|Any CPU.ActiveCfg = Release|Any CPU
		{5310B2FE-E26D-414E-B656-1F74C5A70368}.Release|Any CPU.Build.0 = Release|Any CPU
		{28B6F2FD-826D-4176-87C0-68C8E68245AB}.Debug|Any CPU.ActiveCfg = Debug|Any CPU
		{28B6F2FD-826D-4176-87C0-68C8E68245AB}.Debug|Any CPU.Build.0 = Debug|Any CPU
		{28B6F2FD-826D-4176-87C0-68C8E68245AB}.Release|Any CPU.ActiveCfg = Release|Any CPU
		{28B6F2FD-826D-4176-87C0-68C8E68245AB}.Release|Any CPU.Build.0 = Release|Any CPU
	EndGlobalSection
	GlobalSection(SolutionProperties) = preSolution
		HideSolutionNode = FALSE
	EndGlobalSection
	GlobalSection(NestedProjects) = preSolution
		{5DE97158-5F7C-4B44-87C4-7F706C5231FE} = {750E9776-C1F4-47C8-B977-0E17714C6605}
		{020636AA-6263-4FB7-ABDC-9F5910E4FAA2} = {5DE97158-5F7C-4B44-87C4-7F706C5231FE}
		{7971BDEC-EAD1-4FB8-A4F5-B1F67E4F6355} = {020636AA-6263-4FB7-ABDC-9F5910E4FAA2}
		{5310B2FE-E26D-414E-B656-1F74C5A70368} = {5DE97158-5F7C-4B44-87C4-7F706C5231FE}
		{28B6F2FD-826D-4176-87C0-68C8E68245AB} = {5DE97158-5F7C-4B44-87C4-7F706C5231FE}
	EndGlobalSection
	GlobalSection(ExtensibilityGlobals) = postSolution
		SolutionGuid = {A863663C-2880-412C-BBBF-4A22A6E7AEB4}
	EndGlobalSection
EndGlobal
